// !$*UTF8*$!
{
	archiveVersion = 1;
	classes = {
	};
	objectVersion = 50;
	objects = {

/* Begin PBXBuildFile section */
		2829581C23268FC0002B62C2 /* AppDelegate.swift in Sources */ = {isa = PBXBuildFile; fileRef = 2829581B23268FC0002B62C2 /* AppDelegate.swift */; };
		2829582123268FC0002B62C2 /* Main.storyboard in Resources */ = {isa = PBXBuildFile; fileRef = 2829581F23268FC0002B62C2 /* Main.storyboard */; };
		2829582323268FC1002B62C2 /* Assets.xcassets in Resources */ = {isa = PBXBuildFile; fileRef = 2829582223268FC1002B62C2 /* Assets.xcassets */; };
		2829582623268FC1002B62C2 /* LaunchScreen.storyboard in Resources */ = {isa = PBXBuildFile; fileRef = 2829582423268FC1002B62C2 /* LaunchScreen.storyboard */; };
		2829583023269236002B62C2 /* Coordinator.swift in Sources */ = {isa = PBXBuildFile; fileRef = 2829582F23269236002B62C2 /* Coordinator.swift */; };
		28295832232692A0002B62C2 /* MainCoordinator.swift in Sources */ = {isa = PBXBuildFile; fileRef = 28295831232692A0002B62C2 /* MainCoordinator.swift */; };
		282958382326943E002B62C2 /* StoryboardFactory.swift in Sources */ = {isa = PBXBuildFile; fileRef = 282958372326943E002B62C2 /* StoryboardFactory.swift */; };
		2829583A23269477002B62C2 /* UIViewController+Extensions.swift in Sources */ = {isa = PBXBuildFile; fileRef = 2829583923269477002B62C2 /* UIViewController+Extensions.swift */; };
		2829583C232694F7002B62C2 /* Onboarding.storyboard in Resources */ = {isa = PBXBuildFile; fileRef = 2829583B232694F7002B62C2 /* Onboarding.storyboard */; };
		2829583E23269530002B62C2 /* OnboardingViewController.swift in Sources */ = {isa = PBXBuildFile; fileRef = 2829583D23269530002B62C2 /* OnboardingViewController.swift */; };
		282958422326AA3E002B62C2 /* OnboardingPage.swift in Sources */ = {isa = PBXBuildFile; fileRef = 282958412326AA3E002B62C2 /* OnboardingPage.swift */; };
		282958452326AB97002B62C2 /* OnboardingPageCell.swift in Sources */ = {isa = PBXBuildFile; fileRef = 282958442326AB97002B62C2 /* OnboardingPageCell.swift */; };
		2874B49123277DB00039AD7A /* PlayfairDisplay-Bold.ttf in Resources */ = {isa = PBXBuildFile; fileRef = 2874B48A23277DB00039AD7A /* PlayfairDisplay-Bold.ttf */; };
		2874B49223277DB00039AD7A /* PlayfairDisplay-BoldItalic.ttf in Resources */ = {isa = PBXBuildFile; fileRef = 2874B48B23277DB00039AD7A /* PlayfairDisplay-BoldItalic.ttf */; };
		2874B49323277DB00039AD7A /* PlayfairDisplay-RegularItalic.ttf in Resources */ = {isa = PBXBuildFile; fileRef = 2874B48C23277DB00039AD7A /* PlayfairDisplay-RegularItalic.ttf */; };
		2874B49423277DB00039AD7A /* PlayfairDisplay-Regular.ttf in Resources */ = {isa = PBXBuildFile; fileRef = 2874B48D23277DB00039AD7A /* PlayfairDisplay-Regular.ttf */; };
		2874B49523277DB00039AD7A /* OFL.txt in Resources */ = {isa = PBXBuildFile; fileRef = 2874B48E23277DB00039AD7A /* OFL.txt */; };
		2874B49623277DB00039AD7A /* PlayfairDisplay-Black.ttf in Resources */ = {isa = PBXBuildFile; fileRef = 2874B48F23277DB00039AD7A /* PlayfairDisplay-Black.ttf */; };
		2874B49723277DB00039AD7A /* PlayfairDisplay-BlackItalic.ttf in Resources */ = {isa = PBXBuildFile; fileRef = 2874B49023277DB00039AD7A /* PlayfairDisplay-BlackItalic.ttf */; };
		2874B49923277E470039AD7A /* UIFont+Extensions.swift in Sources */ = {isa = PBXBuildFile; fileRef = 2874B49823277E470039AD7A /* UIFont+Extensions.swift */; };
		2874B49C232781470039AD7A /* DashboardViewController.swift in Sources */ = {isa = PBXBuildFile; fileRef = 2874B49B232781470039AD7A /* DashboardViewController.swift */; };
		2874B49E232781980039AD7A /* DashboardCoordinator.swift in Sources */ = {isa = PBXBuildFile; fileRef = 2874B49D232781980039AD7A /* DashboardCoordinator.swift */; };
/* End PBXBuildFile section */

/* Begin PBXFileReference section */
		2829581823268FC0002B62C2 /* iCanCoordinate.app */ = {isa = PBXFileReference; explicitFileType = wrapper.application; includeInIndex = 0; path = iCanCoordinate.app; sourceTree = BUILT_PRODUCTS_DIR; };
		2829581B23268FC0002B62C2 /* AppDelegate.swift */ = {isa = PBXFileReference; lastKnownFileType = sourcecode.swift; path = AppDelegate.swift; sourceTree = "<group>"; };
		2829582023268FC0002B62C2 /* Base */ = {isa = PBXFileReference; lastKnownFileType = file.storyboard; name = Base; path = Base.lproj/Main.storyboard; sourceTree = "<group>"; };
		2829582223268FC1002B62C2 /* Assets.xcassets */ = {isa = PBXFileReference; lastKnownFileType = folder.assetcatalog; path = Assets.xcassets; sourceTree = "<group>"; };
		2829582523268FC1002B62C2 /* Base */ = {isa = PBXFileReference; lastKnownFileType = file.storyboard; name = Base; path = Base.lproj/LaunchScreen.storyboard; sourceTree = "<group>"; };
		2829582723268FC1002B62C2 /* Info.plist */ = {isa = PBXFileReference; lastKnownFileType = text.plist.xml; path = Info.plist; sourceTree = "<group>"; };
		2829582F23269236002B62C2 /* Coordinator.swift */ = {isa = PBXFileReference; lastKnownFileType = sourcecode.swift; path = Coordinator.swift; sourceTree = "<group>"; };
		28295831232692A0002B62C2 /* MainCoordinator.swift */ = {isa = PBXFileReference; lastKnownFileType = sourcecode.swift; path = MainCoordinator.swift; sourceTree = "<group>"; };
		282958372326943E002B62C2 /* StoryboardFactory.swift */ = {isa = PBXFileReference; lastKnownFileType = sourcecode.swift; path = StoryboardFactory.swift; sourceTree = "<group>"; };
		2829583923269477002B62C2 /* UIViewController+Extensions.swift */ = {isa = PBXFileReference; lastKnownFileType = sourcecode.swift; path = "UIViewController+Extensions.swift"; sourceTree = "<group>"; };
		2829583B232694F7002B62C2 /* Onboarding.storyboard */ = {isa = PBXFileReference; lastKnownFileType = file.storyboard; path = Onboarding.storyboard; sourceTree = "<group>"; };
		2829583D23269530002B62C2 /* OnboardingViewController.swift */ = {isa = PBXFileReference; lastKnownFileType = sourcecode.swift; path = OnboardingViewController.swift; sourceTree = "<group>"; };
		282958412326AA3E002B62C2 /* OnboardingPage.swift */ = {isa = PBXFileReference; lastKnownFileType = sourcecode.swift; path = OnboardingPage.swift; sourceTree = "<group>"; };
		282958442326AB97002B62C2 /* OnboardingPageCell.swift */ = {isa = PBXFileReference; lastKnownFileType = sourcecode.swift; path = OnboardingPageCell.swift; sourceTree = "<group>"; };
		2874B48A23277DB00039AD7A /* PlayfairDisplay-Bold.ttf */ = {isa = PBXFileReference; lastKnownFileType = file; path = "PlayfairDisplay-Bold.ttf"; sourceTree = "<group>"; };
		2874B48B23277DB00039AD7A /* PlayfairDisplay-BoldItalic.ttf */ = {isa = PBXFileReference; lastKnownFileType = file; path = "PlayfairDisplay-BoldItalic.ttf"; sourceTree = "<group>"; };
		2874B48C23277DB00039AD7A /* PlayfairDisplay-RegularItalic.ttf */ = {isa = PBXFileReference; lastKnownFileType = file; path = "PlayfairDisplay-RegularItalic.ttf"; sourceTree = "<group>"; };
		2874B48D23277DB00039AD7A /* PlayfairDisplay-Regular.ttf */ = {isa = PBXFileReference; lastKnownFileType = file; path = "PlayfairDisplay-Regular.ttf"; sourceTree = "<group>"; };
		2874B48E23277DB00039AD7A /* OFL.txt */ = {isa = PBXFileReference; fileEncoding = 4; lastKnownFileType = text; path = OFL.txt; sourceTree = "<group>"; };
		2874B48F23277DB00039AD7A /* PlayfairDisplay-Black.ttf */ = {isa = PBXFileReference; lastKnownFileType = file; path = "PlayfairDisplay-Black.ttf"; sourceTree = "<group>"; };
		2874B49023277DB00039AD7A /* PlayfairDisplay-BlackItalic.ttf */ = {isa = PBXFileReference; lastKnownFileType = file; path = "PlayfairDisplay-BlackItalic.ttf"; sourceTree = "<group>"; };
		2874B49823277E470039AD7A /* UIFont+Extensions.swift */ = {isa = PBXFileReference; lastKnownFileType = sourcecode.swift; path = "UIFont+Extensions.swift"; sourceTree = "<group>"; };
		2874B49B232781470039AD7A /* DashboardViewController.swift */ = {isa = PBXFileReference; lastKnownFileType = sourcecode.swift; path = DashboardViewController.swift; sourceTree = "<group>"; };
		2874B49D232781980039AD7A /* DashboardCoordinator.swift */ = {isa = PBXFileReference; lastKnownFileType = sourcecode.swift; path = DashboardCoordinator.swift; sourceTree = "<group>"; };
/* End PBXFileReference section */

/* Begin PBXFrameworksBuildPhase section */
		2829581523268FC0002B62C2 /* Frameworks */ = {
			isa = PBXFrameworksBuildPhase;
			buildActionMask = 2147483647;
			files = (
			);
			runOnlyForDeploymentPostprocessing = 0;
		};
/* End PBXFrameworksBuildPhase section */

/* Begin PBXGroup section */
		2829580F23268FC0002B62C2 = {
			isa = PBXGroup;
			children = (
				2829581A23268FC0002B62C2 /* iCanCoordinate */,
				2829581923268FC0002B62C2 /* Products */,
			);
			sourceTree = "<group>";
		};
		2829581923268FC0002B62C2 /* Products */ = {
			isa = PBXGroup;
			children = (
				2829581823268FC0002B62C2 /* iCanCoordinate.app */,
			);
			name = Products;
			sourceTree = "<group>";
		};
		2829581A23268FC0002B62C2 /* iCanCoordinate */ = {
			isa = PBXGroup;
			children = (
				2874B48823277DA40039AD7A /* Resources */,
				28295834232693D9002B62C2 /* UI */,
				2829583323269397002B62C2 /* Helpers */,
				2829582D2326921A002B62C2 /* Coordinator */,
				2829581B23268FC0002B62C2 /* AppDelegate.swift */,
				2829582223268FC1002B62C2 /* Assets.xcassets */,
				2829582423268FC1002B62C2 /* LaunchScreen.storyboard */,
				2829582723268FC1002B62C2 /* Info.plist */,
			);
			path = iCanCoordinate;
			sourceTree = "<group>";
		};
		2829582D2326921A002B62C2 /* Coordinator */ = {
			isa = PBXGroup;
			children = (
				2829582F23269236002B62C2 /* Coordinator.swift */,
				28295831232692A0002B62C2 /* MainCoordinator.swift */,
				2874B49D232781980039AD7A /* DashboardCoordinator.swift */,
			);
			path = Coordinator;
			sourceTree = "<group>";
		};
		2829583323269397002B62C2 /* Helpers */ = {
			isa = PBXGroup;
			children = (
				282958372326943E002B62C2 /* StoryboardFactory.swift */,
				2829583923269477002B62C2 /* UIViewController+Extensions.swift */,
				2874B49823277E470039AD7A /* UIFont+Extensions.swift */,
			);
			path = Helpers;
			sourceTree = "<group>";
		};
		28295834232693D9002B62C2 /* UI */ = {
			isa = PBXGroup;
			children = (
				2874B49A232781330039AD7A /* Dashboard */,
				2829583F2326AA24002B62C2 /* Onboarding */,
				2829583623269407002B62C2 /* Storyboards */,
			);
			path = UI;
			sourceTree = "<group>";
		};
		2829583623269407002B62C2 /* Storyboards */ = {
			isa = PBXGroup;
			children = (
				2829581F23268FC0002B62C2 /* Main.storyboard */,
				2829583B232694F7002B62C2 /* Onboarding.storyboard */,
			);
			path = Storyboards;
			sourceTree = "<group>";
		};
		2829583F2326AA24002B62C2 /* Onboarding */ = {
			isa = PBXGroup;
			children = (
				282958432326AB74002B62C2 /* ReusableViews */,
				282958402326AA31002B62C2 /* Models */,
				2829583D23269530002B62C2 /* OnboardingViewController.swift */,
			);
			path = Onboarding;
			sourceTree = "<group>";
		};
		282958402326AA31002B62C2 /* Models */ = {
			isa = PBXGroup;
			children = (
				282958412326AA3E002B62C2 /* OnboardingPage.swift */,
			);
			path = Models;
			sourceTree = "<group>";
		};
		282958432326AB74002B62C2 /* ReusableViews */ = {
			isa = PBXGroup;
			children = (
				282958442326AB97002B62C2 /* OnboardingPageCell.swift */,
			);
			path = ReusableViews;
			sourceTree = "<group>";
		};
		2874B48823277DA40039AD7A /* Resources */ = {
			isa = PBXGroup;
			children = (
				2874B48923277DB00039AD7A /* Playfair_Display */,
			);
			path = Resources;
			sourceTree = "<group>";
		};
		2874B48923277DB00039AD7A /* Playfair_Display */ = {
			isa = PBXGroup;
			children = (
				2874B48A23277DB00039AD7A /* PlayfairDisplay-Bold.ttf */,
				2874B48B23277DB00039AD7A /* PlayfairDisplay-BoldItalic.ttf */,
				2874B48C23277DB00039AD7A /* PlayfairDisplay-RegularItalic.ttf */,
				2874B48D23277DB00039AD7A /* PlayfairDisplay-Regular.ttf */,
				2874B48E23277DB00039AD7A /* OFL.txt */,
				2874B48F23277DB00039AD7A /* PlayfairDisplay-Black.ttf */,
				2874B49023277DB00039AD7A /* PlayfairDisplay-BlackItalic.ttf */,
			);
			path = Playfair_Display;
			sourceTree = "<group>";
		};
		2874B49A232781330039AD7A /* Dashboard */ = {
			isa = PBXGroup;
			children = (
				2874B49B232781470039AD7A /* DashboardViewController.swift */,
			);
			path = Dashboard;
			sourceTree = "<group>";
		};
/* End PBXGroup section */

/* Begin PBXNativeTarget section */
		2829581723268FC0002B62C2 /* iCanCoordinate */ = {
			isa = PBXNativeTarget;
			buildConfigurationList = 2829582A23268FC1002B62C2 /* Build configuration list for PBXNativeTarget "iCanCoordinate" */;
			buildPhases = (
				2829581423268FC0002B62C2 /* Sources */,
				2829581523268FC0002B62C2 /* Frameworks */,
				2829581623268FC0002B62C2 /* Resources */,
			);
			buildRules = (
			);
			dependencies = (
			);
			name = iCanCoordinate;
			productName = iCanCoordinate;
			productReference = 2829581823268FC0002B62C2 /* iCanCoordinate.app */;
			productType = "com.apple.product-type.application";
		};
/* End PBXNativeTarget section */

/* Begin PBXProject section */
		2829581023268FC0002B62C2 /* Project object */ = {
			isa = PBXProject;
			attributes = {
				LastSwiftUpdateCheck = 1020;
				LastUpgradeCheck = 1020;
				ORGANIZATIONNAME = MarkTheiOSGuy;
				TargetAttributes = {
					2829581723268FC0002B62C2 = {
						CreatedOnToolsVersion = 10.2.1;
					};
				};
			};
			buildConfigurationList = 2829581323268FC0002B62C2 /* Build configuration list for PBXProject "iCanCoordinate" */;
			compatibilityVersion = "Xcode 9.3";
			developmentRegion = en;
			hasScannedForEncodings = 0;
			knownRegions = (
				en,
				Base,
			);
			mainGroup = 2829580F23268FC0002B62C2;
			productRefGroup = 2829581923268FC0002B62C2 /* Products */;
			projectDirPath = "";
			projectRoot = "";
			targets = (
				2829581723268FC0002B62C2 /* iCanCoordinate */,
			);
		};
/* End PBXProject section */

/* Begin PBXResourcesBuildPhase section */
		2829581623268FC0002B62C2 /* Resources */ = {
			isa = PBXResourcesBuildPhase;
			buildActionMask = 2147483647;
			files = (
				2829582623268FC1002B62C2 /* LaunchScreen.storyboard in Resources */,
				2874B49323277DB00039AD7A /* PlayfairDisplay-RegularItalic.ttf in Resources */,
				2829582323268FC1002B62C2 /* Assets.xcassets in Resources */,
				2874B49723277DB00039AD7A /* PlayfairDisplay-BlackItalic.ttf in Resources */,
				2874B49523277DB00039AD7A /* OFL.txt in Resources */,
				2829582123268FC0002B62C2 /* Main.storyboard in Resources */,
				2874B49423277DB00039AD7A /* PlayfairDisplay-Regular.ttf in Resources */,
				2874B49123277DB00039AD7A /* PlayfairDisplay-Bold.ttf in Resources */,
				2874B49623277DB00039AD7A /* PlayfairDisplay-Black.ttf in Resources */,
				2874B49223277DB00039AD7A /* PlayfairDisplay-BoldItalic.ttf in Resources */,
				2829583C232694F7002B62C2 /* Onboarding.storyboard in Resources */,
			);
			runOnlyForDeploymentPostprocessing = 0;
		};
/* End PBXResourcesBuildPhase section */

/* Begin PBXSourcesBuildPhase section */
		2829581423268FC0002B62C2 /* Sources */ = {
			isa = PBXSourcesBuildPhase;
			buildActionMask = 2147483647;
			files = (
				28295832232692A0002B62C2 /* MainCoordinator.swift in Sources */,
				2829583E23269530002B62C2 /* OnboardingViewController.swift in Sources */,
				2829581C23268FC0002B62C2 /* AppDelegate.swift in Sources */,
				282958452326AB97002B62C2 /* OnboardingPageCell.swift in Sources */,
				2829583A23269477002B62C2 /* UIViewController+Extensions.swift in Sources */,
				2829583023269236002B62C2 /* Coordinator.swift in Sources */,
				282958422326AA3E002B62C2 /* OnboardingPage.swift in Sources */,
				2874B49923277E470039AD7A /* UIFont+Extensions.swift in Sources */,
				282958382326943E002B62C2 /* StoryboardFactory.swift in Sources */,
				2874B49E232781980039AD7A /* DashboardCoordinator.swift in Sources */,
				2874B49C232781470039AD7A /* DashboardViewController.swift in Sources */,
			);
			runOnlyForDeploymentPostprocessing = 0;
		};
/* End PBXSourcesBuildPhase section */

/* Begin PBXVariantGroup section */
		2829581F23268FC0002B62C2 /* Main.storyboard */ = {
			isa = PBXVariantGroup;
			children = (
				2829582023268FC0002B62C2 /* Base */,
			);
			name = Main.storyboard;
			sourceTree = "<group>";
		};
		2829582423268FC1002B62C2 /* LaunchScreen.storyboard */ = {
			isa = PBXVariantGroup;
			children = (
				2829582523268FC1002B62C2 /* Base */,
			);
			name = LaunchScreen.storyboard;
			sourceTree = "<group>";
		};
/* End PBXVariantGroup section */

/* Begin XCBuildConfiguration section */
		2829582823268FC1002B62C2 /* Debug */ = {
			isa = XCBuildConfiguration;
			buildSettings = {
				ALWAYS_SEARCH_USER_PATHS = NO;
				CLANG_ANALYZER_NONNULL = YES;
				CLANG_ANALYZER_NUMBER_OBJECT_CONVERSION = YES_AGGRESSIVE;
				CLANG_CXX_LANGUAGE_STANDARD = "gnu++14";
				CLANG_CXX_LIBRARY = "libc++";
				CLANG_ENABLE_MODULES = YES;
				CLANG_ENABLE_OBJC_ARC = YES;
				CLANG_ENABLE_OBJC_WEAK = YES;
				CLANG_WARN_BLOCK_CAPTURE_AUTORELEASING = YES;
				CLANG_WARN_BOOL_CONVERSION = YES;
				CLANG_WARN_COMMA = YES;
				CLANG_WARN_CONSTANT_CONVERSION = YES;
				CLANG_WARN_DEPRECATED_OBJC_IMPLEMENTATIONS = YES;
				CLANG_WARN_DIRECT_OBJC_ISA_USAGE = YES_ERROR;
				CLANG_WARN_DOCUMENTATION_COMMENTS = YES;
				CLANG_WARN_EMPTY_BODY = YES;
				CLANG_WARN_ENUM_CONVERSION = YES;
				CLANG_WARN_INFINITE_RECURSION = YES;
				CLANG_WARN_INT_CONVERSION = YES;
				CLANG_WARN_NON_LITERAL_NULL_CONVERSION = YES;
				CLANG_WARN_OBJC_IMPLICIT_RETAIN_SELF = YES;
				CLANG_WARN_OBJC_LITERAL_CONVERSION = YES;
				CLANG_WARN_OBJC_ROOT_CLASS = YES_ERROR;
				CLANG_WARN_RANGE_LOOP_ANALYSIS = YES;
				CLANG_WARN_STRICT_PROTOTYPES = YES;
				CLANG_WARN_SUSPICIOUS_MOVE = YES;
				CLANG_WARN_UNGUARDED_AVAILABILITY = YES_AGGRESSIVE;
				CLANG_WARN_UNREACHABLE_CODE = YES;
				CLANG_WARN__DUPLICATE_METHOD_MATCH = YES;
				CODE_SIGN_IDENTITY = "iPhone Developer";
				COPY_PHASE_STRIP = NO;
				DEBUG_INFORMATION_FORMAT = dwarf;
				ENABLE_STRICT_OBJC_MSGSEND = YES;
				ENABLE_TESTABILITY = YES;
				GCC_C_LANGUAGE_STANDARD = gnu11;
				GCC_DYNAMIC_NO_PIC = NO;
				GCC_NO_COMMON_BLOCKS = YES;
				GCC_OPTIMIZATION_LEVEL = 0;
				GCC_PREPROCESSOR_DEFINITIONS = (
					"DEBUG=1",
					"$(inherited)",
				);
				GCC_WARN_64_TO_32_BIT_CONVERSION = YES;
				GCC_WARN_ABOUT_RETURN_TYPE = YES_ERROR;
				GCC_WARN_UNDECLARED_SELECTOR = YES;
				GCC_WARN_UNINITIALIZED_AUTOS = YES_AGGRESSIVE;
				GCC_WARN_UNUSED_FUNCTION = YES;
				GCC_WARN_UNUSED_VARIABLE = YES;
				IPHONEOS_DEPLOYMENT_TARGET = 12.2;
				MTL_ENABLE_DEBUG_INFO = INCLUDE_SOURCE;
				MTL_FAST_MATH = YES;
				ONLY_ACTIVE_ARCH = YES;
				SDKROOT = iphoneos;
				SWIFT_ACTIVE_COMPILATION_CONDITIONS = DEBUG;
				SWIFT_OPTIMIZATION_LEVEL = "-Onone";
			};
			name = Debug;
		};
		2829582923268FC1002B62C2 /* Release */ = {
			isa = XCBuildConfiguration;
			buildSettings = {
				ALWAYS_SEARCH_USER_PATHS = NO;
				CLANG_ANALYZER_NONNULL = YES;
				CLANG_ANALYZER_NUMBER_OBJECT_CONVERSION = YES_AGGRESSIVE;
				CLANG_CXX_LANGUAGE_STANDARD = "gnu++14";
				CLANG_CXX_LIBRARY = "libc++";
				CLANG_ENABLE_MODULES = YES;
				CLANG_ENABLE_OBJC_ARC = YES;
				CLANG_ENABLE_OBJC_WEAK = YES;
				CLANG_WARN_BLOCK_CAPTURE_AUTORELEASING = YES;
				CLANG_WARN_BOOL_CONVERSION = YES;
				CLANG_WARN_COMMA = YES;
				CLANG_WARN_CONSTANT_CONVERSION = YES;
				CLANG_WARN_DEPRECATED_OBJC_IMPLEMENTATIONS = YES;
				CLANG_WARN_DIRECT_OBJC_ISA_USAGE = YES_ERROR;
				CLANG_WARN_DOCUMENTATION_COMMENTS = YES;
				CLANG_WARN_EMPTY_BODY = YES;
				CLANG_WARN_ENUM_CONVERSION = YES;
				CLANG_WARN_INFINITE_RECURSION = YES;
				CLANG_WARN_INT_CONVERSION = YES;
				CLANG_WARN_NON_LITERAL_NULL_CONVERSION = YES;
				CLANG_WARN_OBJC_IMPLICIT_RETAIN_SELF = YES;
				CLANG_WARN_OBJC_LITERAL_CONVERSION = YES;
				CLANG_WARN_OBJC_ROOT_CLASS = YES_ERROR;
				CLANG_WARN_RANGE_LOOP_ANALYSIS = YES;
				CLANG_WARN_STRICT_PROTOTYPES = YES;
				CLANG_WARN_SUSPICIOUS_MOVE = YES;
				CLANG_WARN_UNGUARDED_AVAILABILITY = YES_AGGRESSIVE;
				CLANG_WARN_UNREACHABLE_CODE = YES;
				CLANG_WARN__DUPLICATE_METHOD_MATCH = YES;
				CODE_SIGN_IDENTITY = "iPhone Developer";
				COPY_PHASE_STRIP = NO;
				DEBUG_INFORMATION_FORMAT = "dwarf-with-dsym";
				ENABLE_NS_ASSERTIONS = NO;
				ENABLE_STRICT_OBJC_MSGSEND = YES;
				GCC_C_LANGUAGE_STANDARD = gnu11;
				GCC_NO_COMMON_BLOCKS = YES;
				GCC_WARN_64_TO_32_BIT_CONVERSION = YES;
				GCC_WARN_ABOUT_RETURN_TYPE = YES_ERROR;
				GCC_WARN_UNDECLARED_SELECTOR = YES;
				GCC_WARN_UNINITIALIZED_AUTOS = YES_AGGRESSIVE;
				GCC_WARN_UNUSED_FUNCTION = YES;
				GCC_WARN_UNUSED_VARIABLE = YES;
				IPHONEOS_DEPLOYMENT_TARGET = 12.2;
				MTL_ENABLE_DEBUG_INFO = NO;
				MTL_FAST_MATH = YES;
				SDKROOT = iphoneos;
				SWIFT_COMPILATION_MODE = wholemodule;
				SWIFT_OPTIMIZATION_LEVEL = "-O";
				VALIDATE_PRODUCT = YES;
			};
			name = Release;
		};
		2829582B23268FC1002B62C2 /* Debug */ = {
			isa = XCBuildConfiguration;
			buildSettings = {
				ASSETCATALOG_COMPILER_APPICON_NAME = AppIcon;
				CODE_SIGN_STYLE = Manual;
				DEVELOPMENT_TEAM = "";
				INFOPLIST_FILE = iCanCoordinate/Info.plist;
				LD_RUNPATH_SEARCH_PATHS = (
					"$(inherited)",
					"@executable_path/Frameworks",
				);
				PRODUCT_BUNDLE_IDENTIFIER = com.marktheiosguy.iCanCoordinate;
				PRODUCT_NAME = "$(TARGET_NAME)";
				PROVISIONING_PROFILE_SPECIFIER = "";
				SWIFT_VERSION = 5.0;
				TARGETED_DEVICE_FAMILY = "1,2";
			};
			name = Debug;
		};
		2829582C23268FC1002B62C2 /* Release */ = {
			isa = XCBuildConfiguration;
			buildSettings = {
				ASSETCATALOG_COMPILER_APPICON_NAME = AppIcon;
				CODE_SIGN_STYLE = Manual;
				DEVELOPMENT_TEAM = "";
				INFOPLIST_FILE = iCanCoordinate/Info.plist;
				LD_RUNPATH_SEARCH_PATHS = (
					"$(inherited)",
					"@executable_path/Frameworks",
				);
				PRODUCT_BUNDLE_IDENTIFIER = com.marktheiosguy.iCanCoordinate;
				PRODUCT_NAME = "$(TARGET_NAME)";
				PROVISIONING_PROFILE_SPECIFIER = "";
				SWIFT_VERSION = 5.0;
				TARGETED_DEVICE_FAMILY = "1,2";
			};
			name = Release;
		};
/* End XCBuildConfiguration section */

/* Begin XCConfigurationList section */
		2829581323268FC0002B62C2 /* Build configuration list for PBXProject "iCanCoordinate" */ = {
			isa = XCConfigurationList;
			buildConfigurations = (
				2829582823268FC1002B62C2 /* Debug */,
				2829582923268FC1002B62C2 /* Release */,
			);
			defaultConfigurationIsVisible = 0;
			defaultConfigurationName = Release;
		};
		2829582A23268FC1002B62C2 /* Build configuration list for PBXNativeTarget "iCanCoordinate" */ = {
			isa = XCConfigurationList;
			buildConfigurations = (
				2829582B23268FC1002B62C2 /* Debug */,
				2829582C23268FC1002B62C2 /* Release */,
			);
			defaultConfigurationIsVisible = 0;
			defaultConfigurationName = Release;
		};
/* End XCConfigurationList section */
	};
	rootObject = 2829581023268FC0002B62C2 /* Project object */;
}
